
Microsoft Visual Studio Solution File, Format Version 12.00
# Visual Studio 2017
Project("{FAE04EC0-301F-11D3-BF4B-00C04F79EFBC}") = "FlappyBirdProject.Plugins", "FlappyBirdProject.Plugins.csproj", "{A96E53F0-FB36-C58B-DCF5-26A487F19E02}"
EndProject
Project("{FAE04EC0-301F-11D3-BF4B-00C04F79EFBC}") = "FlappyBirdProject", "FlappyBirdProject.csproj", "{9EF2F307-0288-E7B3-951D-91346A36C02D}"
EndProject
Project("{FAE04EC0-301F-11D3-BF4B-00C04F79EFBC}") = "FlappyBirdProject.Editor", "FlappyBirdProject.Editor.csproj", "{BC838564-9429-1803-B0B0-1B818F2D8B4D}"
EndProject
Global
	GlobalSection(SolutionConfigurationPlatforms) = preSolution
		Debug|Any CPU = Debug|Any CPU
		Release|Any CPU = Release|Any CPU
	EndGlobalSection
	GlobalSection(ProjectConfigurationPlatforms) = postSolution
		{A96E53F0-FB36-C58B-DCF5-26A487F19E02}.Debug|Any CPU.ActiveCfg = Debug|Any CPU
		{A96E53F0-FB36-C58B-DCF5-26A487F19E02}.Debug|Any CPU.Build.0 = Debug|Any CPU
		{A96E53F0-FB36-C58B-DCF5-26A487F19E02}.Release|Any CPU.ActiveCfg = Release|Any CPU
		{A96E53F0-FB36-C58B-DCF5-26A487F19E02}.Release|Any CPU.Build.0 = Release|Any CPU
		{9EF2F307-0288-E7B3-951D-91346A36C02D}.Debug|Any CPU.ActiveCfg = Debug|Any CPU
		{9EF2F307-0288-E7B3-951D-91346A36C02D}.Debug|Any CPU.Build.0 = Debug|Any CPU
		{9EF2F307-0288-E7B3-951D-91346A36C02D}.Release|Any CPU.ActiveCfg = Release|Any CPU
		{9EF2F307-0288-E7B3-951D-91346A36C02D}.Release|Any CPU.Build.0 = Release|Any CPU
		{BC838564-9429-1803-B0B0-1B818F2D8B4D}.Debug|Any CPU.ActiveCfg = Debug|Any CPU
		{BC838564-9429-1803-B0B0-1B818F2D8B4D}.Debug|Any CPU.Build.0 = Debug|Any CPU
		{BC838564-9429-1803-B0B0-1B818F2D8B4D}.Release|Any CPU.ActiveCfg = Release|Any CPU
		{BC838564-9429-1803-B0B0-1B818F2D8B4D}.Release|Any CPU.Build.0 = Release|Any CPU
	EndGlobalSection
	GlobalSection(SolutionProperties) = preSolution
		HideSolutionNode = FALSE
	EndGlobalSection
EndGlobal
